
Microsoft Visual Studio Solution File, Format Version 12.00
# Visual Studio Version 17
VisualStudioVersion = 17.14.36915.13 d17.14
MinimumVisualStudioVersion = 10.0.40219.1
Project("{FAE04EC0-301F-11D3-BF4B-00C04F79EFBC}") = "Securbot", "Securbot\Securbot.csproj", "{9430D005-BDC5-4909-B7D2-ACFD34F79E52}"
EndProject
Global
	GlobalSection(SolutionConfigurationPlatforms) = preSolution
		Debug|Any CPU = Debug|Any CPU
		Release|Any CPU = Release|Any CPU
	EndGlobalSection
	GlobalSection(ProjectConfigurationPlatforms) = postSolution
		{9430D005-BDC5-4909-B7D2-ACFD34F79E52}.Debug|Any CPU.ActiveCfg = Debug|Any CPU
		{9430D005-BDC5-4909-B7D2-ACFD34F79E52}.Debug|Any CPU.Build.0 = Debug|Any CPU
		{9430D005-BDC5-4909-B7D2-ACFD34F79E52}.Release|Any CPU.ActiveCfg = Release|Any CPU
		{9430D005-BDC5-4909-B7D2-ACFD34F79E52}.Release|Any CPU.Build.0 = Release|Any CPU
	EndGlobalSection
	GlobalSection(SolutionProperties) = preSolution
		HideSolutionNode = FALSE
	EndGlobalSection
	GlobalSection(ExtensibilityGlobals) = postSolution
		SolutionGuid = {F898A3B9-7AF6-4877-BA74-B2C7AC1E9920}
	EndGlobalSection
EndGlobal
